PODS:
  - ActionKit (1.0)
  - AsyncSwift (1.7.2)
  - SwitchLoader (0.0.1)

DEPENDENCIES:
  - ActionKit
  - AsyncSwift
  - SwitchLoader

SPEC CHECKSUMS:
  ActionKit: 6c45e3d92252dd34b18e7c3d8e9f811ee52558b1
  AsyncSwift: 46a78bceb11f0e5bb52747f740d9692ec78d2d7c
  SwitchLoader: 6c4bbe4b5096206559306553098d1e0f01c8a166

PODFILE CHECKSUM: 2ee04e49572292b39cc25a4af50db817c5c6d35a

COCOAPODS: 1.0.0.beta.3
