PODS:
  - ActionKit (1.0)
  - AsyncSwift (1.7.2)
  - Charts (2.2.3):
    - Charts/Core (= 2.2.3)
  - Charts/Core (2.2.3)
  - GradientView (2.1.0)
  - Nimble (3.2.0)
  - Quick (0.9.1)
  - SwiftString (0.5)

DEPENDENCIES:
  - ActionKit
  - AsyncSwift
  - Charts
  - GradientView
  - Nimble
  - Quick
  - SwiftString

SPEC CHECKSUMS:
  ActionKit: 6c45e3d92252dd34b18e7c3d8e9f811ee52558b1
  AsyncSwift: 46a78bceb11f0e5bb52747f740d9692ec78d2d7c
  Charts: f54267bb3f0f0e74520c6f248517cf5074dfd6fc
  GradientView: 4a961b8e9e1787beaf6880b9fc2dd08c6345533d
  Nimble: 703854335d181df169bbca9c97117b5cf8c47c1d
  Quick: a5221fc21788b6aeda934805e68b061839bc3165
  SwiftString: ec9c31c55b2aa147a1154f5f5f8483dc71e3165f

PODFILE CHECKSUM: 59932d150d050fc41593c401a093620a30e731e8

COCOAPODS: 1.0.0.beta.3
