// !$*UTF8*$!
{
	archiveVersion = 1;
	classes = {
	};
	objectVersion = 46;
	objects = {

/* Begin PBXBuildFile section */
		9FC094F2924E371CCD01E68B /* Pods_HealthPad_Companion.framework in Frameworks */ = {isa = PBXBuildFile; fileRef = 0CDD8282C78D6EE0EA62B503 /* Pods_HealthPad_Companion.framework */; };
		C50020221CA15BE0005884A4 /* ResearchKit.framework in Frameworks */ = {isa = PBXBuildFile; fileRef = C500201F1CA15BCF005884A4 /* ResearchKit.framework */; };
		C50020231CA15BE0005884A4 /* ResearchKit.framework in Embed Frameworks */ = {isa = PBXBuildFile; fileRef = C500201F1CA15BCF005884A4 /* ResearchKit.framework */; settings = {ATTRIBUTES = (CodeSignOnCopy, RemoveHeadersOnCopy, ); }; };
		C53B84EC1CA04665001A47C9 /* ActiveEnergyView.swift in Sources */ = {isa = PBXBuildFile; fileRef = C53B84E21CA04665001A47C9 /* ActiveEnergyView.swift */; };
		C53B84ED1CA04665001A47C9 /* BarView.swift in Sources */ = {isa = PBXBuildFile; fileRef = C53B84E31CA04665001A47C9 /* BarView.swift */; };
		C53B84EE1CA04665001A47C9 /* BloodPressureView.swift in Sources */ = {isa = PBXBuildFile; fileRef = C53B84E41CA04665001A47C9 /* BloodPressureView.swift */; };
		C53B84EF1CA04665001A47C9 /* CandleView.swift in Sources */ = {isa = PBXBuildFile; fileRef = C53B84E51CA04665001A47C9 /* CandleView.swift */; };
		C53B84F01CA04665001A47C9 /* ChartView.swift in Sources */ = {isa = PBXBuildFile; fileRef = C53B84E61CA04665001A47C9 /* ChartView.swift */; };
		C53B84F11CA04665001A47C9 /* HeartRateView.swift in Sources */ = {isa = PBXBuildFile; fileRef = C53B84E71CA04665001A47C9 /* HeartRateView.swift */; };
		C53B84F21CA04665001A47C9 /* LineView.swift in Sources */ = {isa = PBXBuildFile; fileRef = C53B84E81CA04665001A47C9 /* LineView.swift */; };
		C53B84F31CA04665001A47C9 /* SleepView.swift in Sources */ = {isa = PBXBuildFile; fileRef = C53B84E91CA04665001A47C9 /* SleepView.swift */; };
		C53B84F41CA04665001A47C9 /* StepsView.swift in Sources */ = {isa = PBXBuildFile; fileRef = C53B84EA1CA04665001A47C9 /* StepsView.swift */; };
		C53B84F51CA04665001A47C9 /* WeightView.swift in Sources */ = {isa = PBXBuildFile; fileRef = C53B84EB1CA04665001A47C9 /* WeightView.swift */; };
		C53B84F71CA04766001A47C9 /* DemoViewController.swift in Sources */ = {isa = PBXBuildFile; fileRef = C53B84F61CA04766001A47C9 /* DemoViewController.swift */; };
		C53B84F91CA04980001A47C9 /* Model.swift in Sources */ = {isa = PBXBuildFile; fileRef = C53B84F81CA04980001A47C9 /* Model.swift */; };
		C53DB1901C99966A0054ED49 /* DotSpinningLikeSkype.swift in Sources */ = {isa = PBXBuildFile; fileRef = C53DB1871C99966A0054ED49 /* DotSpinningLikeSkype.swift */; };
		C53DB1911C99966A0054ED49 /* DotTrianglePath.swift in Sources */ = {isa = PBXBuildFile; fileRef = C53DB1881C99966A0054ED49 /* DotTrianglePath.swift */; };
		C53DB1921C99966A0054ED49 /* FunnyDotsA.swift in Sources */ = {isa = PBXBuildFile; fileRef = C53DB1891C99966A0054ED49 /* FunnyDotsA.swift */; };
		C53DB1931C99966A0054ED49 /* LineScale.swift in Sources */ = {isa = PBXBuildFile; fileRef = C53DB18A1C99966A0054ED49 /* LineScale.swift */; };
		C53DB1941C99966A0054ED49 /* RotatingCircle.swift in Sources */ = {isa = PBXBuildFile; fileRef = C53DB18B1C99966A0054ED49 /* RotatingCircle.swift */; };
		C53DB1951C99966A0054ED49 /* RPLoadingAnimationDelegate.swift in Sources */ = {isa = PBXBuildFile; fileRef = C53DB18C1C99966A0054ED49 /* RPLoadingAnimationDelegate.swift */; };
		C53DB1961C99966A0054ED49 /* RPLoadingAnimationView.swift in Sources */ = {isa = PBXBuildFile; fileRef = C53DB18D1C99966A0054ED49 /* RPLoadingAnimationView.swift */; };
		C53DB1971C99966A0054ED49 /* SpininngDot.swift in Sources */ = {isa = PBXBuildFile; fileRef = C53DB18E1C99966A0054ED49 /* SpininngDot.swift */; };
		C53DB1981C99966A0054ED49 /* TimingFunction.swift in Sources */ = {isa = PBXBuildFile; fileRef = C53DB18F1C99966A0054ED49 /* TimingFunction.swift */; };
		C53DB19B1C9996770054ED49 /* Helper.swift in Sources */ = {isa = PBXBuildFile; fileRef = C53DB1991C9996770054ED49 /* Helper.swift */; };
		C53DB19C1C9996770054ED49 /* Loader.swift in Sources */ = {isa = PBXBuildFile; fileRef = C53DB19A1C9996770054ED49 /* Loader.swift */; };
		C5A88E8C1C98587400A890EB /* AppDelegate.swift in Sources */ = {isa = PBXBuildFile; fileRef = C5A88E8B1C98587400A890EB /* AppDelegate.swift */; };
		C5A88E8E1C98587400A890EB /* ViewController.swift in Sources */ = {isa = PBXBuildFile; fileRef = C5A88E8D1C98587400A890EB /* ViewController.swift */; };
		C5A88E911C98587400A890EB /* Main.storyboard in Resources */ = {isa = PBXBuildFile; fileRef = C5A88E8F1C98587400A890EB /* Main.storyboard */; };
		C5A88E931C98587400A890EB /* Assets.xcassets in Resources */ = {isa = PBXBuildFile; fileRef = C5A88E921C98587400A890EB /* Assets.xcassets */; };
		C5A88E961C98587400A890EB /* LaunchScreen.storyboard in Resources */ = {isa = PBXBuildFile; fileRef = C5A88E941C98587400A890EB /* LaunchScreen.storyboard */; };
		C5A88EA11C98587400A890EB /* HealthPadTests.swift in Sources */ = {isa = PBXBuildFile; fileRef = C5A88EA01C98587400A890EB /* HealthPadTests.swift */; };
		C5A88EAC1C98587400A890EB /* HealthPadUITests.swift in Sources */ = {isa = PBXBuildFile; fileRef = C5A88EAB1C98587400A890EB /* HealthPadUITests.swift */; };
		C5A88EBA1C98593E00A890EB /* HealthKit.framework in Frameworks */ = {isa = PBXBuildFile; fileRef = C5A88EB91C98593E00A890EB /* HealthKit.framework */; };
		C5A88EBD1C985A1000A890EB /* CloudKit.framework in Frameworks */ = {isa = PBXBuildFile; fileRef = C5A88EBC1C985A1000A890EB /* CloudKit.framework */; };
/* End PBXBuildFile section */

/* Begin PBXContainerItemProxy section */
		C500201E1CA15BCF005884A4 /* PBXContainerItemProxy */ = {
			isa = PBXContainerItemProxy;
			containerPortal = C50020181CA15BCE005884A4 /* ResearchKit.xcodeproj */;
			proxyType = 2;
			remoteGlobalIDString = B183A5951A8535D100C76870;
			remoteInfo = ResearchKit;
		};
		C50020201CA15BCF005884A4 /* PBXContainerItemProxy */ = {
			isa = PBXContainerItemProxy;
			containerPortal = C50020181CA15BCE005884A4 /* ResearchKit.xcodeproj */;
			proxyType = 2;
			remoteGlobalIDString = 86CC8E9A1AC09332001CCD89;
			remoteInfo = ResearchKitTests;
		};
		C50020241CA15BE0005884A4 /* PBXContainerItemProxy */ = {
			isa = PBXContainerItemProxy;
			containerPortal = C50020181CA15BCE005884A4 /* ResearchKit.xcodeproj */;
			proxyType = 1;
			remoteGlobalIDString = B183A4731A8535D100C76870;
			remoteInfo = ResearchKit;
		};
		C5A88E9D1C98587400A890EB /* PBXContainerItemProxy */ = {
			isa = PBXContainerItemProxy;
			containerPortal = C5A88E801C98587300A890EB /* Project object */;
			proxyType = 1;
			remoteGlobalIDString = C5A88E871C98587300A890EB;
			remoteInfo = HealthPad;
		};
		C5A88EA81C98587400A890EB /* PBXContainerItemProxy */ = {
			isa = PBXContainerItemProxy;
			containerPortal = C5A88E801C98587300A890EB /* Project object */;
			proxyType = 1;
			remoteGlobalIDString = C5A88E871C98587300A890EB;
			remoteInfo = HealthPad;
		};
/* End PBXContainerItemProxy section */

/* Begin PBXCopyFilesBuildPhase section */
		C50020261CA15BE0005884A4 /* Embed Frameworks */ = {
			isa = PBXCopyFilesBuildPhase;
			buildActionMask = 2147483647;
			dstPath = "";
			dstSubfolderSpec = 10;
			files = (
				C50020231CA15BE0005884A4 /* ResearchKit.framework in Embed Frameworks */,
			);
			name = "Embed Frameworks";
			runOnlyForDeploymentPostprocessing = 0;
		};
/* End PBXCopyFilesBuildPhase section */

/* Begin PBXFileReference section */
		0CDD8282C78D6EE0EA62B503 /* Pods_HealthPad_Companion.framework */ = {isa = PBXFileReference; explicitFileType = wrapper.framework; includeInIndex = 0; path = Pods_HealthPad_Companion.framework; sourceTree = BUILT_PRODUCTS_DIR; };
		10681C607D1523A5665DE2A8 /* Pods_HealthPadUITests.framework */ = {isa = PBXFileReference; explicitFileType = wrapper.framework; includeInIndex = 0; path = Pods_HealthPadUITests.framework; sourceTree = BUILT_PRODUCTS_DIR; };
		2138AFFED53D8CBD754C70EA /* Pods-HealthPad.release.xcconfig */ = {isa = PBXFileReference; includeInIndex = 1; lastKnownFileType = text.xcconfig; name = "Pods-HealthPad.release.xcconfig"; path = "Pods/Target Support Files/Pods-HealthPad/Pods-HealthPad.release.xcconfig"; sourceTree = "<group>"; };
		38C950F339C8C685CB7DAD4F /* Pods-HealthPad Companion.debug.xcconfig */ = {isa = PBXFileReference; includeInIndex = 1; lastKnownFileType = text.xcconfig; name = "Pods-HealthPad Companion.debug.xcconfig"; path = "Pods/Target Support Files/Pods-HealthPad Companion/Pods-HealthPad Companion.debug.xcconfig"; sourceTree = "<group>"; };
		6B0FC362A753D81F0E3C4409 /* Pods-HealthPad Companion.release.xcconfig */ = {isa = PBXFileReference; includeInIndex = 1; lastKnownFileType = text.xcconfig; name = "Pods-HealthPad Companion.release.xcconfig"; path = "Pods/Target Support Files/Pods-HealthPad Companion/Pods-HealthPad Companion.release.xcconfig"; sourceTree = "<group>"; };
		7368E6167072F20E406B16A6 /* Pods_HealthPad.framework */ = {isa = PBXFileReference; explicitFileType = wrapper.framework; includeInIndex = 0; path = Pods_HealthPad.framework; sourceTree = BUILT_PRODUCTS_DIR; };
		AAE1463A7E277645D602792F /* Pods_HealthPadTests.framework */ = {isa = PBXFileReference; explicitFileType = wrapper.framework; includeInIndex = 0; path = Pods_HealthPadTests.framework; sourceTree = BUILT_PRODUCTS_DIR; };
		C50020091CA15A82005884A4 /* ResearchKit.framework */ = {isa = PBXFileReference; lastKnownFileType = wrapper.framework; name = ResearchKit.framework; path = "../../../../../../Library/Developer/Xcode/DerivedData/HealthPad-dcxibvzptxythyeddpwzvhtoulhp/Build/Products/Debug-iphoneos/ResearchKit.framework"; sourceTree = "<group>"; };
		C50020181CA15BCE005884A4 /* ResearchKit.xcodeproj */ = {isa = PBXFileReference; lastKnownFileType = "wrapper.pb-project"; name = ResearchKit.xcodeproj; path = ../Shared/ResearchKit/ResearchKit.xcodeproj; sourceTree = "<group>"; };
		C53B84E21CA04665001A47C9 /* ActiveEnergyView.swift */ = {isa = PBXFileReference; fileEncoding = 4; lastKnownFileType = sourcecode.swift; path = ActiveEnergyView.swift; sourceTree = "<group>"; };
		C53B84E31CA04665001A47C9 /* BarView.swift */ = {isa = PBXFileReference; fileEncoding = 4; lastKnownFileType = sourcecode.swift; path = BarView.swift; sourceTree = "<group>"; };
		C53B84E41CA04665001A47C9 /* BloodPressureView.swift */ = {isa = PBXFileReference; fileEncoding = 4; lastKnownFileType = sourcecode.swift; path = BloodPressureView.swift; sourceTree = "<group>"; };
		C53B84E51CA04665001A47C9 /* CandleView.swift */ = {isa = PBXFileReference; fileEncoding = 4; lastKnownFileType = sourcecode.swift; path = CandleView.swift; sourceTree = "<group>"; };
		C53B84E61CA04665001A47C9 /* ChartView.swift */ = {isa = PBXFileReference; fileEncoding = 4; lastKnownFileType = sourcecode.swift; path = ChartView.swift; sourceTree = "<group>"; };
		C53B84E71CA04665001A47C9 /* HeartRateView.swift */ = {isa = PBXFileReference; fileEncoding = 4; lastKnownFileType = sourcecode.swift; path = HeartRateView.swift; sourceTree = "<group>"; };
		C53B84E81CA04665001A47C9 /* LineView.swift */ = {isa = PBXFileReference; fileEncoding = 4; lastKnownFileType = sourcecode.swift; path = LineView.swift; sourceTree = "<group>"; };
		C53B84E91CA04665001A47C9 /* SleepView.swift */ = {isa = PBXFileReference; fileEncoding = 4; lastKnownFileType = sourcecode.swift; path = SleepView.swift; sourceTree = "<group>"; };
		C53B84EA1CA04665001A47C9 /* StepsView.swift */ = {isa = PBXFileReference; fileEncoding = 4; lastKnownFileType = sourcecode.swift; path = StepsView.swift; sourceTree = "<group>"; };
		C53B84EB1CA04665001A47C9 /* WeightView.swift */ = {isa = PBXFileReference; fileEncoding = 4; lastKnownFileType = sourcecode.swift; path = WeightView.swift; sourceTree = "<group>"; };
		C53B84F61CA04766001A47C9 /* DemoViewController.swift */ = {isa = PBXFileReference; fileEncoding = 4; lastKnownFileType = sourcecode.swift; path = DemoViewController.swift; sourceTree = "<group>"; };
		C53B84F81CA04980001A47C9 /* Model.swift */ = {isa = PBXFileReference; fileEncoding = 4; lastKnownFileType = sourcecode.swift; name = Model.swift; path = ../../Shared/Model.swift; sourceTree = "<group>"; };
		C53DB1871C99966A0054ED49 /* DotSpinningLikeSkype.swift */ = {isa = PBXFileReference; fileEncoding = 4; lastKnownFileType = sourcecode.swift; path = DotSpinningLikeSkype.swift; sourceTree = "<group>"; };
		C53DB1881C99966A0054ED49 /* DotTrianglePath.swift */ = {isa = PBXFileReference; fileEncoding = 4; lastKnownFileType = sourcecode.swift; path = DotTrianglePath.swift; sourceTree = "<group>"; };
		C53DB1891C99966A0054ED49 /* FunnyDotsA.swift */ = {isa = PBXFileReference; fileEncoding = 4; lastKnownFileType = sourcecode.swift; path = FunnyDotsA.swift; sourceTree = "<group>"; };
		C53DB18A1C99966A0054ED49 /* LineScale.swift */ = {isa = PBXFileReference; fileEncoding = 4; lastKnownFileType = sourcecode.swift; path = LineScale.swift; sourceTree = "<group>"; };
		C53DB18B1C99966A0054ED49 /* RotatingCircle.swift */ = {isa = PBXFileReference; fileEncoding = 4; lastKnownFileType = sourcecode.swift; path = RotatingCircle.swift; sourceTree = "<group>"; };
		C53DB18C1C99966A0054ED49 /* RPLoadingAnimationDelegate.swift */ = {isa = PBXFileReference; fileEncoding = 4; lastKnownFileType = sourcecode.swift; path = RPLoadingAnimationDelegate.swift; sourceTree = "<group>"; };
		C53DB18D1C99966A0054ED49 /* RPLoadingAnimationView.swift */ = {isa = PBXFileReference; fileEncoding = 4; lastKnownFileType = sourcecode.swift; path = RPLoadingAnimationView.swift; sourceTree = "<group>"; };
		C53DB18E1C99966A0054ED49 /* SpininngDot.swift */ = {isa = PBXFileReference; fileEncoding = 4; lastKnownFileType = sourcecode.swift; path = SpininngDot.swift; sourceTree = "<group>"; };
		C53DB18F1C99966A0054ED49 /* TimingFunction.swift */ = {isa = PBXFileReference; fileEncoding = 4; lastKnownFileType = sourcecode.swift; path = TimingFunction.swift; sourceTree = "<group>"; };
		C53DB1991C9996770054ED49 /* Helper.swift */ = {isa = PBXFileReference; fileEncoding = 4; lastKnownFileType = sourcecode.swift; name = Helper.swift; path = ../../Shared/Helper.swift; sourceTree = "<group>"; };
		C53DB19A1C9996770054ED49 /* Loader.swift */ = {isa = PBXFileReference; fileEncoding = 4; lastKnownFileType = sourcecode.swift; name = Loader.swift; path = ../../Shared/Loader.swift; sourceTree = "<group>"; };
		C5A88E881C98587400A890EB /* HealthPad Companion.app */ = {isa = PBXFileReference; explicitFileType = wrapper.application; includeInIndex = 0; path = "HealthPad Companion.app"; sourceTree = BUILT_PRODUCTS_DIR; };
		C5A88E8B1C98587400A890EB /* AppDelegate.swift */ = {isa = PBXFileReference; lastKnownFileType = sourcecode.swift; path = AppDelegate.swift; sourceTree = "<group>"; };
		C5A88E8D1C98587400A890EB /* ViewController.swift */ = {isa = PBXFileReference; lastKnownFileType = sourcecode.swift; path = ViewController.swift; sourceTree = "<group>"; };
		C5A88E901C98587400A890EB /* Base */ = {isa = PBXFileReference; lastKnownFileType = file.storyboard; name = Base; path = Base.lproj/Main.storyboard; sourceTree = "<group>"; };
		C5A88E921C98587400A890EB /* Assets.xcassets */ = {isa = PBXFileReference; lastKnownFileType = folder.assetcatalog; path = Assets.xcassets; sourceTree = "<group>"; };
		C5A88E951C98587400A890EB /* Base */ = {isa = PBXFileReference; lastKnownFileType = file.storyboard; name = Base; path = Base.lproj/LaunchScreen.storyboard; sourceTree = "<group>"; };
		C5A88E971C98587400A890EB /* Info.plist */ = {isa = PBXFileReference; lastKnownFileType = text.plist.xml; path = Info.plist; sourceTree = "<group>"; };
		C5A88E9C1C98587400A890EB /* HealthPad Companion.xctest */ = {isa = PBXFileReference; explicitFileType = wrapper.cfbundle; includeInIndex = 0; path = "HealthPad Companion.xctest"; sourceTree = BUILT_PRODUCTS_DIR; };
		C5A88EA01C98587400A890EB /* HealthPadTests.swift */ = {isa = PBXFileReference; lastKnownFileType = sourcecode.swift; path = HealthPadTests.swift; sourceTree = "<group>"; };
		C5A88EA21C98587400A890EB /* Info.plist */ = {isa = PBXFileReference; lastKnownFileType = text.plist.xml; path = Info.plist; sourceTree = "<group>"; };
		C5A88EA71C98587400A890EB /* HealthPad Companion.xctest */ = {isa = PBXFileReference; explicitFileType = wrapper.cfbundle; includeInIndex = 0; path = "HealthPad Companion.xctest"; sourceTree = BUILT_PRODUCTS_DIR; };
		C5A88EAB1C98587400A890EB /* HealthPadUITests.swift */ = {isa = PBXFileReference; lastKnownFileType = sourcecode.swift; path = HealthPadUITests.swift; sourceTree = "<group>"; };
		C5A88EAD1C98587400A890EB /* Info.plist */ = {isa = PBXFileReference; lastKnownFileType = text.plist.xml; path = Info.plist; sourceTree = "<group>"; };
		C5A88EB91C98593E00A890EB /* HealthKit.framework */ = {isa = PBXFileReference; lastKnownFileType = wrapper.framework; name = HealthKit.framework; path = System/Library/Frameworks/HealthKit.framework; sourceTree = SDKROOT; };
		C5A88EBB1C9859FD00A890EB /* HealthPad.entitlements */ = {isa = PBXFileReference; lastKnownFileType = text.xml; path = HealthPad.entitlements; sourceTree = "<group>"; };
		C5A88EBC1C985A1000A890EB /* CloudKit.framework */ = {isa = PBXFileReference; lastKnownFileType = wrapper.framework; name = CloudKit.framework; path = System/Library/Frameworks/CloudKit.framework; sourceTree = SDKROOT; };
		C5A88EBE1C985D2400A890EB /* MyPlayground.playground */ = {isa = PBXFileReference; lastKnownFileType = file.playground; path = MyPlayground.playground; sourceTree = "<group>"; };
		F342B884CE9D22A6A976BFBD /* Pods-HealthPad.debug.xcconfig */ = {isa = PBXFileReference; includeInIndex = 1; lastKnownFileType = text.xcconfig; name = "Pods-HealthPad.debug.xcconfig"; path = "Pods/Target Support Files/Pods-HealthPad/Pods-HealthPad.debug.xcconfig"; sourceTree = "<group>"; };
/* End PBXFileReference section */

/* Begin PBXFrameworksBuildPhase section */
		C5A88E851C98587300A890EB /* Frameworks */ = {
			isa = PBXFrameworksBuildPhase;
			buildActionMask = 2147483647;
			files = (
				C5A88EBA1C98593E00A890EB /* HealthKit.framework in Frameworks */,
				C5A88EBD1C985A1000A890EB /* CloudKit.framework in Frameworks */,
				C50020221CA15BE0005884A4 /* ResearchKit.framework in Frameworks */,
				9FC094F2924E371CCD01E68B /* Pods_HealthPad_Companion.framework in Frameworks */,
			);
			runOnlyForDeploymentPostprocessing = 0;
		};
		C5A88E991C98587400A890EB /* Frameworks */ = {
			isa = PBXFrameworksBuildPhase;
			buildActionMask = 2147483647;
			files = (
			);
			runOnlyForDeploymentPostprocessing = 0;
		};
		C5A88EA41C98587400A890EB /* Frameworks */ = {
			isa = PBXFrameworksBuildPhase;
			buildActionMask = 2147483647;
			files = (
			);
			runOnlyForDeploymentPostprocessing = 0;
		};
/* End PBXFrameworksBuildPhase section */

/* Begin PBXGroup section */
		BFF35D13D98C48A0D9D40617 /* Frameworks */ = {
			isa = PBXGroup;
			children = (
				7368E6167072F20E406B16A6 /* Pods_HealthPad.framework */,
				AAE1463A7E277645D602792F /* Pods_HealthPadTests.framework */,
				10681C607D1523A5665DE2A8 /* Pods_HealthPadUITests.framework */,
				0CDD8282C78D6EE0EA62B503 /* Pods_HealthPad_Companion.framework */,
			);
			name = Frameworks;
			sourceTree = "<group>";
		};
		C50020191CA15BCE005884A4 /* Products */ = {
			isa = PBXGroup;
			children = (
				C500201F1CA15BCF005884A4 /* ResearchKit.framework */,
				C50020211CA15BCF005884A4 /* ResearchKitTests.xctest */,
			);
			name = Products;
			sourceTree = "<group>";
		};
		C53B84E11CA04665001A47C9 /* ChartViews */ = {
			isa = PBXGroup;
			children = (
				C53B84E21CA04665001A47C9 /* ActiveEnergyView.swift */,
				C53B84E31CA04665001A47C9 /* BarView.swift */,
				C53B84E41CA04665001A47C9 /* BloodPressureView.swift */,
				C53B84E51CA04665001A47C9 /* CandleView.swift */,
				C53B84E61CA04665001A47C9 /* ChartView.swift */,
				C53B84E71CA04665001A47C9 /* HeartRateView.swift */,
				C53B84E81CA04665001A47C9 /* LineView.swift */,
				C53B84E91CA04665001A47C9 /* SleepView.swift */,
				C53B84EA1CA04665001A47C9 /* StepsView.swift */,
				C53B84EB1CA04665001A47C9 /* WeightView.swift */,
			);
			name = ChartViews;
			path = ../../Shared/ChartViews;
			sourceTree = "<group>";
		};
		C53DB1861C99966A0054ED49 /* Animation */ = {
			isa = PBXGroup;
			children = (
				C53DB1871C99966A0054ED49 /* DotSpinningLikeSkype.swift */,
				C53DB1881C99966A0054ED49 /* DotTrianglePath.swift */,
				C53DB1891C99966A0054ED49 /* FunnyDotsA.swift */,
				C53DB18A1C99966A0054ED49 /* LineScale.swift */,
				C53DB18B1C99966A0054ED49 /* RotatingCircle.swift */,
				C53DB18C1C99966A0054ED49 /* RPLoadingAnimationDelegate.swift */,
				C53DB18D1C99966A0054ED49 /* RPLoadingAnimationView.swift */,
				C53DB18E1C99966A0054ED49 /* SpininngDot.swift */,
				C53DB18F1C99966A0054ED49 /* TimingFunction.swift */,
			);
			name = Animation;
			path = ../../Shared/Animation;
			sourceTree = "<group>";
		};
		C5A88E7F1C98587300A890EB = {
			isa = PBXGroup;
			children = (
				C50020181CA15BCE005884A4 /* ResearchKit.xcodeproj */,
				C5A88E8A1C98587400A890EB /* HealthPad Companion */,
				C5A88E9F1C98587400A890EB /* HealthPadTests */,
				C5A88EAA1C98587400A890EB /* HealthPadUITests */,
				C5A88E891C98587400A890EB /* Products */,
				E296AAA05FEA58322FD1BDA8 /* Pods */,
				BFF35D13D98C48A0D9D40617 /* Frameworks */,
			);
			sourceTree = "<group>";
		};
		C5A88E891C98587400A890EB /* Products */ = {
			isa = PBXGroup;
			children = (
				C5A88E881C98587400A890EB /* HealthPad Companion.app */,
				C5A88E9C1C98587400A890EB /* HealthPad Companion.xctest */,
				C5A88EA71C98587400A890EB /* HealthPad Companion.xctest */,
			);
			name = Products;
			sourceTree = "<group>";
		};
		C5A88E8A1C98587400A890EB /* HealthPad Companion */ = {
			isa = PBXGroup;
			children = (
				C5DFEFEC1C995071000AA609 /* Stuff */,
				C53DB1861C99966A0054ED49 /* Animation */,
				C53B84E11CA04665001A47C9 /* ChartViews */,
				C5A88E8B1C98587400A890EB /* AppDelegate.swift */,
				C5A88E8D1C98587400A890EB /* ViewController.swift */,
				C53B84F61CA04766001A47C9 /* DemoViewController.swift */,
				C53DB1991C9996770054ED49 /* Helper.swift */,
				C53DB19A1C9996770054ED49 /* Loader.swift */,
				C53B84F81CA04980001A47C9 /* Model.swift */,
				C5A88EBE1C985D2400A890EB /* MyPlayground.playground */,
				C5A88E8F1C98587400A890EB /* Main.storyboard */,
				C5A88E941C98587400A890EB /* LaunchScreen.storyboard */,
			);
			name = "HealthPad Companion";
			path = HealthPad;
			sourceTree = "<group>";
		};
		C5A88E9F1C98587400A890EB /* HealthPadTests */ = {
			isa = PBXGroup;
			children = (
				C5A88EA01C98587400A890EB /* HealthPadTests.swift */,
				C5A88EA21C98587400A890EB /* Info.plist */,
			);
			path = HealthPadTests;
			sourceTree = "<group>";
		};
		C5A88EAA1C98587400A890EB /* HealthPadUITests */ = {
			isa = PBXGroup;
			children = (
				C5A88EAB1C98587400A890EB /* HealthPadUITests.swift */,
				C5A88EAD1C98587400A890EB /* Info.plist */,
			);
			path = HealthPadUITests;
			sourceTree = "<group>";
		};
		C5DFEFEC1C995071000AA609 /* Stuff */ = {
			isa = PBXGroup;
			children = (
				C50020091CA15A82005884A4 /* ResearchKit.framework */,
				C5A88EBB1C9859FD00A890EB /* HealthPad.entitlements */,
				C5A88E921C98587400A890EB /* Assets.xcassets */,
				C5A88E971C98587400A890EB /* Info.plist */,
				C5A88EBC1C985A1000A890EB /* CloudKit.framework */,
				C5A88EB91C98593E00A890EB /* HealthKit.framework */,
			);
			name = Stuff;
			sourceTree = "<group>";
		};
		E296AAA05FEA58322FD1BDA8 /* Pods */ = {
			isa = PBXGroup;
			children = (
				F342B884CE9D22A6A976BFBD /* Pods-HealthPad.debug.xcconfig */,
				2138AFFED53D8CBD754C70EA /* Pods-HealthPad.release.xcconfig */,
				38C950F339C8C685CB7DAD4F /* Pods-HealthPad Companion.debug.xcconfig */,
				6B0FC362A753D81F0E3C4409 /* Pods-HealthPad Companion.release.xcconfig */,
			);
			name = Pods;
			sourceTree = "<group>";
		};
/* End PBXGroup section */

/* Begin PBXNativeTarget section */
		C5A88E871C98587300A890EB /* HealthPad Companion */ = {
			isa = PBXNativeTarget;
			buildConfigurationList = C5A88EB01C98587400A890EB /* Build configuration list for PBXNativeTarget "HealthPad Companion" */;
			buildPhases = (
				5DF26FCFAD515CCD6D649794 /* Check Pods Manifest.lock */,
				C5A88E841C98587300A890EB /* Sources */,
				C5A88E851C98587300A890EB /* Frameworks */,
				C5A88E861C98587300A890EB /* Resources */,
				2C29805366C5ABB3492682BC /* Embed Pods Frameworks */,
				6787C4E514853CBC576AC4CC /* Copy Pods Resources */,
				C50020261CA15BE0005884A4 /* Embed Frameworks */,
			);
			buildRules = (
			);
			dependencies = (
				C50020251CA15BE0005884A4 /* PBXTargetDependency */,
			);
			name = "HealthPad Companion";
			productName = HealthPad;
			productReference = C5A88E881C98587400A890EB /* HealthPad Companion.app */;
			productType = "com.apple.product-type.application";
		};
		C5A88E9B1C98587400A890EB /* HealthPad CompanionTests */ = {
			isa = PBXNativeTarget;
			buildConfigurationList = C5A88EB31C98587400A890EB /* Build configuration list for PBXNativeTarget "HealthPad CompanionTests" */;
			buildPhases = (
				C5A88E981C98587400A890EB /* Sources */,
				C5A88E991C98587400A890EB /* Frameworks */,
				C5A88E9A1C98587400A890EB /* Resources */,
			);
			buildRules = (
			);
			dependencies = (
				C5A88E9E1C98587400A890EB /* PBXTargetDependency */,
			);
			name = "HealthPad CompanionTests";
			productName = HealthPadTests;
			productReference = C5A88E9C1C98587400A890EB /* HealthPad Companion.xctest */;
			productType = "com.apple.product-type.bundle.unit-test";
		};
		C5A88EA61C98587400A890EB /* HealthPad CompanionUITests */ = {
			isa = PBXNativeTarget;
			buildConfigurationList = C5A88EB61C98587400A890EB /* Build configuration list for PBXNativeTarget "HealthPad CompanionUITests" */;
			buildPhases = (
				C5A88EA31C98587400A890EB /* Sources */,
				C5A88EA41C98587400A890EB /* Frameworks */,
				C5A88EA51C98587400A890EB /* Resources */,
			);
			buildRules = (
			);
			dependencies = (
				C5A88EA91C98587400A890EB /* PBXTargetDependency */,
			);
			name = "HealthPad CompanionUITests";
			productName = HealthPadUITests;
			productReference = C5A88EA71C98587400A890EB /* HealthPad Companion.xctest */;
			productType = "com.apple.product-type.bundle.ui-testing";
		};
/* End PBXNativeTarget section */

/* Begin PBXProject section */
		C5A88E801C98587300A890EB /* Project object */ = {
			isa = PBXProject;
			attributes = {
				LastSwiftUpdateCheck = 0720;
				LastUpgradeCheck = 0720;
				ORGANIZATIONNAME = "Finn Gaida";
				TargetAttributes = {
					C5A88E871C98587300A890EB = {
						CreatedOnToolsVersion = 7.2.1;
						DevelopmentTeam = PTHJ3DNH6P;
						SystemCapabilities = {
							com.apple.HealthKit = {
								enabled = 1;
							};
							com.apple.iCloud = {
								enabled = 1;
							};
						};
					};
					C5A88E9B1C98587400A890EB = {
						CreatedOnToolsVersion = 7.2.1;
						TestTargetID = C5A88E871C98587300A890EB;
					};
					C5A88EA61C98587400A890EB = {
						CreatedOnToolsVersion = 7.2.1;
						TestTargetID = C5A88E871C98587300A890EB;
					};
				};
			};
			buildConfigurationList = C5A88E831C98587300A890EB /* Build configuration list for PBXProject "HealthPad Companion" */;
			compatibilityVersion = "Xcode 3.2";
			developmentRegion = English;
			hasScannedForEncodings = 0;
			knownRegions = (
				en,
				Base,
			);
			mainGroup = C5A88E7F1C98587300A890EB;
			productRefGroup = C5A88E891C98587400A890EB /* Products */;
			projectDirPath = "";
			projectReferences = (
				{
					ProductGroup = C50020191CA15BCE005884A4 /* Products */;
					ProjectRef = C50020181CA15BCE005884A4 /* ResearchKit.xcodeproj */;
				},
			);
			projectRoot = "";
			targets = (
				C5A88E871C98587300A890EB /* HealthPad Companion */,
				C5A88E9B1C98587400A890EB /* HealthPad CompanionTests */,
				C5A88EA61C98587400A890EB /* HealthPad CompanionUITests */,
			);
		};
/* End PBXProject section */

/* Begin PBXReferenceProxy section */
		C500201F1CA15BCF005884A4 /* ResearchKit.framework */ = {
			isa = PBXReferenceProxy;
			fileType = wrapper.framework;
			path = ResearchKit.framework;
			remoteRef = C500201E1CA15BCF005884A4 /* PBXContainerItemProxy */;
			sourceTree = BUILT_PRODUCTS_DIR;
		};
		C50020211CA15BCF005884A4 /* ResearchKitTests.xctest */ = {
			isa = PBXReferenceProxy;
			fileType = wrapper.cfbundle;
			path = ResearchKitTests.xctest;
			remoteRef = C50020201CA15BCF005884A4 /* PBXContainerItemProxy */;
			sourceTree = BUILT_PRODUCTS_DIR;
		};
/* End PBXReferenceProxy section */

/* Begin PBXResourcesBuildPhase section */
		C5A88E861C98587300A890EB /* Resources */ = {
			isa = PBXResourcesBuildPhase;
			buildActionMask = 2147483647;
			files = (
				C5A88E961C98587400A890EB /* LaunchScreen.storyboard in Resources */,
				C5A88E931C98587400A890EB /* Assets.xcassets in Resources */,
				C5A88E911C98587400A890EB /* Main.storyboard in Resources */,
			);
			runOnlyForDeploymentPostprocessing = 0;
		};
		C5A88E9A1C98587400A890EB /* Resources */ = {
			isa = PBXResourcesBuildPhase;
			buildActionMask = 2147483647;
			files = (
			);
			runOnlyForDeploymentPostprocessing = 0;
		};
		C5A88EA51C98587400A890EB /* Resources */ = {
			isa = PBXResourcesBuildPhase;
			buildActionMask = 2147483647;
			files = (
			);
			runOnlyForDeploymentPostprocessing = 0;
		};
/* End PBXResourcesBuildPhase section */

/* Begin PBXShellScriptBuildPhase section */
		2C29805366C5ABB3492682BC /* Embed Pods Frameworks */ = {
			isa = PBXShellScriptBuildPhase;
			buildActionMask = 2147483647;
			files = (
			);
			inputPaths = (
			);
			name = "Embed Pods Frameworks";
			outputPaths = (
			);
			runOnlyForDeploymentPostprocessing = 0;
			shellPath = /bin/sh;
			shellScript = "\"${SRCROOT}/Pods/Target Support Files/Pods-HealthPad Companion/Pods-HealthPad Companion-frameworks.sh\"\n";
			showEnvVarsInLog = 0;
		};
		5DF26FCFAD515CCD6D649794 /* Check Pods Manifest.lock */ = {
			isa = PBXShellScriptBuildPhase;
			buildActionMask = 2147483647;
			files = (
			);
			inputPaths = (
			);
			name = "Check Pods Manifest.lock";
			outputPaths = (
			);
			runOnlyForDeploymentPostprocessing = 0;
			shellPath = /bin/sh;
			shellScript = "diff \"${PODS_ROOT}/../Podfile.lock\" \"${PODS_ROOT}/Manifest.lock\" > /dev/null\nif [[ $? != 0 ]] ; then\n    cat << EOM\nerror: The sandbox is not in sync with the Podfile.lock. Run 'pod install' or update your CocoaPods installation.\nEOM\n    exit 1\nfi\n";
			showEnvVarsInLog = 0;
		};
		6787C4E514853CBC576AC4CC /* Copy Pods Resources */ = {
			isa = PBXShellScriptBuildPhase;
			buildActionMask = 2147483647;
			files = (
			);
			inputPaths = (
			);
			name = "Copy Pods Resources";
			outputPaths = (
			);
			runOnlyForDeploymentPostprocessing = 0;
			shellPath = /bin/sh;
			shellScript = "\"${SRCROOT}/Pods/Target Support Files/Pods-HealthPad Companion/Pods-HealthPad Companion-resources.sh\"\n";
			showEnvVarsInLog = 0;
		};
/* End PBXShellScriptBuildPhase section */

/* Begin PBXSourcesBuildPhase section */
		C5A88E841C98587300A890EB /* Sources */ = {
			isa = PBXSourcesBuildPhase;
			buildActionMask = 2147483647;
			files = (
				C5A88E8E1C98587400A890EB /* ViewController.swift in Sources */,
				C53B84EF1CA04665001A47C9 /* CandleView.swift in Sources */,
				C53B84F51CA04665001A47C9 /* WeightView.swift in Sources */,
				C53DB1921C99966A0054ED49 /* FunnyDotsA.swift in Sources */,
				C53DB1931C99966A0054ED49 /* LineScale.swift in Sources */,
				C53DB1971C99966A0054ED49 /* SpininngDot.swift in Sources */,
				C53B84F01CA04665001A47C9 /* ChartView.swift in Sources */,
				C53DB1961C99966A0054ED49 /* RPLoadingAnimationView.swift in Sources */,
				C53DB1901C99966A0054ED49 /* DotSpinningLikeSkype.swift in Sources */,
				C53B84F41CA04665001A47C9 /* StepsView.swift in Sources */,
				C53B84F91CA04980001A47C9 /* Model.swift in Sources */,
				C53B84F31CA04665001A47C9 /* SleepView.swift in Sources */,
				C53B84F21CA04665001A47C9 /* LineView.swift in Sources */,
				C53B84EE1CA04665001A47C9 /* BloodPressureView.swift in Sources */,
				C53DB1951C99966A0054ED49 /* RPLoadingAnimationDelegate.swift in Sources */,
				C53DB1981C99966A0054ED49 /* TimingFunction.swift in Sources */,
				C53B84F71CA04766001A47C9 /* DemoViewController.swift in Sources */,
				C53DB1941C99966A0054ED49 /* RotatingCircle.swift in Sources */,
				C53B84ED1CA04665001A47C9 /* BarView.swift in Sources */,
				C53DB19C1C9996770054ED49 /* Loader.swift in Sources */,
				C53DB1911C99966A0054ED49 /* DotTrianglePath.swift in Sources */,
				C5A88E8C1C98587400A890EB /* AppDelegate.swift in Sources */,
				C53B84EC1CA04665001A47C9 /* ActiveEnergyView.swift in Sources */,
				C53B84F11CA04665001A47C9 /* HeartRateView.swift in Sources */,
				C53DB19B1C9996770054ED49 /* Helper.swift in Sources */,
			);
			runOnlyForDeploymentPostprocessing = 0;
		};
		C5A88E981C98587400A890EB /* Sources */ = {
			isa = PBXSourcesBuildPhase;
			buildActionMask = 2147483647;
			files = (
				C5A88EA11C98587400A890EB /* HealthPadTests.swift in Sources */,
			);
			runOnlyForDeploymentPostprocessing = 0;
		};
		C5A88EA31C98587400A890EB /* Sources */ = {
			isa = PBXSourcesBuildPhase;
			buildActionMask = 2147483647;
			files = (
				C5A88EAC1C98587400A890EB /* HealthPadUITests.swift in Sources */,
			);
			runOnlyForDeploymentPostprocessing = 0;
		};
/* End PBXSourcesBuildPhase section */

/* Begin PBXTargetDependency section */
		C50020251CA15BE0005884A4 /* PBXTargetDependency */ = {
			isa = PBXTargetDependency;
			name = ResearchKit;
			targetProxy = C50020241CA15BE0005884A4 /* PBXContainerItemProxy */;
		};
		C5A88E9E1C98587400A890EB /* PBXTargetDependency */ = {
			isa = PBXTargetDependency;
			target = C5A88E871C98587300A890EB /* HealthPad Companion */;
			targetProxy = C5A88E9D1C98587400A890EB /* PBXContainerItemProxy */;
		};
		C5A88EA91C98587400A890EB /* PBXTargetDependency */ = {
			isa = PBXTargetDependency;
			target = C5A88E871C98587300A890EB /* HealthPad Companion */;
			targetProxy = C5A88EA81C98587400A890EB /* PBXContainerItemProxy */;
		};
/* End PBXTargetDependency section */

/* Begin PBXVariantGroup section */
		C5A88E8F1C98587400A890EB /* Main.storyboard */ = {
			isa = PBXVariantGroup;
			children = (
				C5A88E901C98587400A890EB /* Base */,
			);
			name = Main.storyboard;
			sourceTree = "<group>";
		};
		C5A88E941C98587400A890EB /* LaunchScreen.storyboard */ = {
			isa = PBXVariantGroup;
			children = (
				C5A88E951C98587400A890EB /* Base */,
			);
			name = LaunchScreen.storyboard;
			sourceTree = "<group>";
		};
/* End PBXVariantGroup section */

/* Begin XCBuildConfiguration section */
		C5A88EAE1C98587400A890EB /* Debug */ = {
			isa = XCBuildConfiguration;
			buildSettings = {
				ALWAYS_SEARCH_USER_PATHS = NO;
				CLANG_CXX_LANGUAGE_STANDARD = "gnu++0x";
				CLANG_CXX_LIBRARY = "libc++";
				CLANG_ENABLE_MODULES = YES;
				CLANG_ENABLE_OBJC_ARC = YES;
				CLANG_WARN_BOOL_CONVERSION = YES;
				CLANG_WARN_CONSTANT_CONVERSION = YES;
				CLANG_WARN_DIRECT_OBJC_ISA_USAGE = YES_ERROR;
				CLANG_WARN_EMPTY_BODY = YES;
				CLANG_WARN_ENUM_CONVERSION = YES;
				CLANG_WARN_INT_CONVERSION = YES;
				CLANG_WARN_OBJC_ROOT_CLASS = YES_ERROR;
				CLANG_WARN_UNREACHABLE_CODE = YES;
				CLANG_WARN__DUPLICATE_METHOD_MATCH = YES;
				"CODE_SIGN_IDENTITY[sdk=iphoneos*]" = "iPhone Developer";
				COPY_PHASE_STRIP = NO;
				DEBUG_INFORMATION_FORMAT = dwarf;
				ENABLE_STRICT_OBJC_MSGSEND = YES;
				ENABLE_TESTABILITY = YES;
				GCC_C_LANGUAGE_STANDARD = gnu99;
				GCC_DYNAMIC_NO_PIC = NO;
				GCC_NO_COMMON_BLOCKS = YES;
				GCC_OPTIMIZATION_LEVEL = 0;
				GCC_PREPROCESSOR_DEFINITIONS = (
					"DEBUG=1",
					"$(inherited)",
				);
				GCC_WARN_64_TO_32_BIT_CONVERSION = YES;
				GCC_WARN_ABOUT_RETURN_TYPE = YES_ERROR;
				GCC_WARN_UNDECLARED_SELECTOR = YES;
				GCC_WARN_UNINITIALIZED_AUTOS = YES_AGGRESSIVE;
				GCC_WARN_UNUSED_FUNCTION = YES;
				GCC_WARN_UNUSED_VARIABLE = YES;
				IPHONEOS_DEPLOYMENT_TARGET = 9.0;
				MTL_ENABLE_DEBUG_INFO = YES;
				ONLY_ACTIVE_ARCH = YES;
				SDKROOT = iphoneos;
				SWIFT_OPTIMIZATION_LEVEL = "-Onone";
				TARGETED_DEVICE_FAMILY = "1,2";
			};
			name = Debug;
		};
		C5A88EAF1C98587400A890EB /* Release */ = {
			isa = XCBuildConfiguration;
			buildSettings = {
				ALWAYS_SEARCH_USER_PATHS = NO;
				CLANG_CXX_LANGUAGE_STANDARD = "gnu++0x";
				CLANG_CXX_LIBRARY = "libc++";
				CLANG_ENABLE_MODULES = YES;
				CLANG_ENABLE_OBJC_ARC = YES;
				CLANG_WARN_BOOL_CONVERSION = YES;
				CLANG_WARN_CONSTANT_CONVERSION = YES;
				CLANG_WARN_DIRECT_OBJC_ISA_USAGE = YES_ERROR;
				CLANG_WARN_EMPTY_BODY = YES;
				CLANG_WARN_ENUM_CONVERSION = YES;
				CLANG_WARN_INT_CONVERSION = YES;
				CLANG_WARN_OBJC_ROOT_CLASS = YES_ERROR;
				CLANG_WARN_UNREACHABLE_CODE = YES;
				CLANG_WARN__DUPLICATE_METHOD_MATCH = YES;
				"CODE_SIGN_IDENTITY[sdk=iphoneos*]" = "iPhone Developer";
				COPY_PHASE_STRIP = NO;
				DEBUG_INFORMATION_FORMAT = "dwarf-with-dsym";
				ENABLE_NS_ASSERTIONS = NO;
				ENABLE_STRICT_OBJC_MSGSEND = YES;
				GCC_C_LANGUAGE_STANDARD = gnu99;
				GCC_NO_COMMON_BLOCKS = YES;
				GCC_WARN_64_TO_32_BIT_CONVERSION = YES;
				GCC_WARN_ABOUT_RETURN_TYPE = YES_ERROR;
				GCC_WARN_UNDECLARED_SELECTOR = YES;
				GCC_WARN_UNINITIALIZED_AUTOS = YES_AGGRESSIVE;
				GCC_WARN_UNUSED_FUNCTION = YES;
				GCC_WARN_UNUSED_VARIABLE = YES;
				IPHONEOS_DEPLOYMENT_TARGET = 9.0;
				MTL_ENABLE_DEBUG_INFO = NO;
				SDKROOT = iphoneos;
				TARGETED_DEVICE_FAMILY = "1,2";
				VALIDATE_PRODUCT = YES;
			};
			name = Release;
		};
		C5A88EB11C98587400A890EB /* Debug */ = {
			isa = XCBuildConfiguration;
			baseConfigurationReference = 38C950F339C8C685CB7DAD4F /* Pods-HealthPad Companion.debug.xcconfig */;
			buildSettings = {
				ASSETCATALOG_COMPILER_APPICON_NAME = AppIcon;
				CODE_SIGN_ENTITLEMENTS = HealthPad/HealthPad.entitlements;
				CODE_SIGN_IDENTITY = "iPhone Developer";
				"CODE_SIGN_IDENTITY[sdk=iphoneos*]" = "iPhone Developer";
				EMBEDDED_CONTENT_CONTAINS_SWIFT = YES;
				INFOPLIST_FILE = HealthPad/Info.plist;
				LD_RUNPATH_SEARCH_PATHS = "$(inherited) @executable_path/Frameworks";
				PRODUCT_BUNDLE_IDENTIFIER = de.finngaida.HealthPad;
				PRODUCT_NAME = "HealthPad Companion";
				PROVISIONING_PROFILE = "";
				TARGETED_DEVICE_FAMILY = 1;
			};
			name = Debug;
		};
		C5A88EB21C98587400A890EB /* Release */ = {
			isa = XCBuildConfiguration;
			baseConfigurationReference = 6B0FC362A753D81F0E3C4409 /* Pods-HealthPad Companion.release.xcconfig */;
			buildSettings = {
				ASSETCATALOG_COMPILER_APPICON_NAME = AppIcon;
				CODE_SIGN_ENTITLEMENTS = HealthPad/HealthPad.entitlements;
				CODE_SIGN_IDENTITY = "iPhone Developer";
				"CODE_SIGN_IDENTITY[sdk=iphoneos*]" = "iPhone Developer";
				EMBEDDED_CONTENT_CONTAINS_SWIFT = YES;
				INFOPLIST_FILE = HealthPad/Info.plist;
				LD_RUNPATH_SEARCH_PATHS = "$(inherited) @executable_path/Frameworks";
				PRODUCT_BUNDLE_IDENTIFIER = de.finngaida.HealthPad;
				PRODUCT_NAME = "HealthPad Companion";
				PROVISIONING_PROFILE = "";
				TARGETED_DEVICE_FAMILY = 1;
			};
			name = Release;
		};
		C5A88EB41C98587400A890EB /* Debug */ = {
			isa = XCBuildConfiguration;
			buildSettings = {
				BUNDLE_LOADER = "$(TEST_HOST)";
				INFOPLIST_FILE = HealthPadTests/Info.plist;
				LD_RUNPATH_SEARCH_PATHS = "$(inherited) @executable_path/Frameworks @loader_path/Frameworks";
				PRODUCT_BUNDLE_IDENTIFIER = de.finngaida.HealthPadTests;
				PRODUCT_NAME = "HealthPad Companion";
				TEST_HOST = "$(BUILT_PRODUCTS_DIR)/HealthPad Companion.app/HealthPad Companion";
			};
			name = Debug;
		};
		C5A88EB51C98587400A890EB /* Release */ = {
			isa = XCBuildConfiguration;
			buildSettings = {
				BUNDLE_LOADER = "$(TEST_HOST)";
				INFOPLIST_FILE = HealthPadTests/Info.plist;
				LD_RUNPATH_SEARCH_PATHS = "$(inherited) @executable_path/Frameworks @loader_path/Frameworks";
				PRODUCT_BUNDLE_IDENTIFIER = de.finngaida.HealthPadTests;
				PRODUCT_NAME = "HealthPad Companion";
				TEST_HOST = "$(BUILT_PRODUCTS_DIR)/HealthPad Companion.app/HealthPad Companion";
			};
			name = Release;
		};
		C5A88EB71C98587400A890EB /* Debug */ = {
			isa = XCBuildConfiguration;
			buildSettings = {
				INFOPLIST_FILE = HealthPadUITests/Info.plist;
				LD_RUNPATH_SEARCH_PATHS = "$(inherited) @executable_path/Frameworks @loader_path/Frameworks";
				PRODUCT_BUNDLE_IDENTIFIER = de.finngaida.HealthPadUITests;
				PRODUCT_NAME = "HealthPad Companion";
				TEST_TARGET_NAME = HealthPad;
				USES_XCTRUNNER = YES;
			};
			name = Debug;
		};
		C5A88EB81C98587400A890EB /* Release */ = {
			isa = XCBuildConfiguration;
			buildSettings = {
				INFOPLIST_FILE = HealthPadUITests/Info.plist;
				LD_RUNPATH_SEARCH_PATHS = "$(inherited) @executable_path/Frameworks @loader_path/Frameworks";
				PRODUCT_BUNDLE_IDENTIFIER = de.finngaida.HealthPadUITests;
				PRODUCT_NAME = "HealthPad Companion";
				TEST_TARGET_NAME = HealthPad;
				USES_XCTRUNNER = YES;
			};
			name = Release;
		};
/* End XCBuildConfiguration section */

/* Begin XCConfigurationList section */
		C5A88E831C98587300A890EB /* Build configuration list for PBXProject "HealthPad Companion" */ = {
			isa = XCConfigurationList;
			buildConfigurations = (
				C5A88EAE1C98587400A890EB /* Debug */,
				C5A88EAF1C98587400A890EB /* Release */,
			);
			defaultConfigurationIsVisible = 0;
			defaultConfigurationName = Release;
		};
		C5A88EB01C98587400A890EB /* Build configuration list for PBXNativeTarget "HealthPad Companion" */ = {
			isa = XCConfigurationList;
			buildConfigurations = (
				C5A88EB11C98587400A890EB /* Debug */,
				C5A88EB21C98587400A890EB /* Release */,
			);
			defaultConfigurationIsVisible = 0;
			defaultConfigurationName = Release;
		};
		C5A88EB31C98587400A890EB /* Build configuration list for PBXNativeTarget "HealthPad CompanionTests" */ = {
			isa = XCConfigurationList;
			buildConfigurations = (
				C5A88EB41C98587400A890EB /* Debug */,
				C5A88EB51C98587400A890EB /* Release */,
			);
			defaultConfigurationIsVisible = 0;
			defaultConfigurationName = Release;
		};
		C5A88EB61C98587400A890EB /* Build configuration list for PBXNativeTarget "HealthPad CompanionUITests" */ = {
			isa = XCConfigurationList;
			buildConfigurations = (
				C5A88EB71C98587400A890EB /* Debug */,
				C5A88EB81C98587400A890EB /* Release */,
			);
			defaultConfigurationIsVisible = 0;
			defaultConfigurationName = Release;
		};
/* End XCConfigurationList section */
	};
	rootObject = C5A88E801C98587300A890EB /* Project object */;
}
