// !$*UTF8*$!
{
	archiveVersion = 1;
	classes = {
	};
	objectVersion = 46;
	objects = {

/* Begin PBXBuildFile section */
		C5A88E8C1C98587400A890EB /* AppDelegate.swift in Sources */ = {isa = PBXBuildFile; fileRef = C5A88E8B1C98587400A890EB /* AppDelegate.swift */; };
		C5A88E8E1C98587400A890EB /* ViewController.swift in Sources */ = {isa = PBXBuildFile; fileRef = C5A88E8D1C98587400A890EB /* ViewController.swift */; };
		C5A88E911C98587400A890EB /* Main.storyboard in Resources */ = {isa = PBXBuildFile; fileRef = C5A88E8F1C98587400A890EB /* Main.storyboard */; };
		C5A88E931C98587400A890EB /* Assets.xcassets in Resources */ = {isa = PBXBuildFile; fileRef = C5A88E921C98587400A890EB /* Assets.xcassets */; };
		C5A88E961C98587400A890EB /* LaunchScreen.storyboard in Resources */ = {isa = PBXBuildFile; fileRef = C5A88E941C98587400A890EB /* LaunchScreen.storyboard */; };
		C5A88EA11C98587400A890EB /* HealthPadTests.swift in Sources */ = {isa = PBXBuildFile; fileRef = C5A88EA01C98587400A890EB /* HealthPadTests.swift */; };
		C5A88EAC1C98587400A890EB /* HealthPadUITests.swift in Sources */ = {isa = PBXBuildFile; fileRef = C5A88EAB1C98587400A890EB /* HealthPadUITests.swift */; };
		C5A88EBA1C98593E00A890EB /* HealthKit.framework in Frameworks */ = {isa = PBXBuildFile; fileRef = C5A88EB91C98593E00A890EB /* HealthKit.framework */; };
		C5A88EBD1C985A1000A890EB /* CloudKit.framework in Frameworks */ = {isa = PBXBuildFile; fileRef = C5A88EBC1C985A1000A890EB /* CloudKit.framework */; };
/* End PBXBuildFile section */

/* Begin PBXContainerItemProxy section */
		C5A88E9D1C98587400A890EB /* PBXContainerItemProxy */ = {
			isa = PBXContainerItemProxy;
			containerPortal = C5A88E801C98587300A890EB /* Project object */;
			proxyType = 1;
			remoteGlobalIDString = C5A88E871C98587300A890EB;
			remoteInfo = HealthPad;
		};
		C5A88EA81C98587400A890EB /* PBXContainerItemProxy */ = {
			isa = PBXContainerItemProxy;
			containerPortal = C5A88E801C98587300A890EB /* Project object */;
			proxyType = 1;
			remoteGlobalIDString = C5A88E871C98587300A890EB;
			remoteInfo = HealthPad;
		};
/* End PBXContainerItemProxy section */

/* Begin PBXFileReference section */
		C5A88E881C98587400A890EB /* HealthPad.app */ = {isa = PBXFileReference; explicitFileType = wrapper.application; includeInIndex = 0; path = HealthPad.app; sourceTree = BUILT_PRODUCTS_DIR; };
		C5A88E8B1C98587400A890EB /* AppDelegate.swift */ = {isa = PBXFileReference; lastKnownFileType = sourcecode.swift; path = AppDelegate.swift; sourceTree = "<group>"; };
		C5A88E8D1C98587400A890EB /* ViewController.swift */ = {isa = PBXFileReference; lastKnownFileType = sourcecode.swift; path = ViewController.swift; sourceTree = "<group>"; };
		C5A88E901C98587400A890EB /* Base */ = {isa = PBXFileReference; lastKnownFileType = file.storyboard; name = Base; path = Base.lproj/Main.storyboard; sourceTree = "<group>"; };
		C5A88E921C98587400A890EB /* Assets.xcassets */ = {isa = PBXFileReference; lastKnownFileType = folder.assetcatalog; path = Assets.xcassets; sourceTree = "<group>"; };
		C5A88E951C98587400A890EB /* Base */ = {isa = PBXFileReference; lastKnownFileType = file.storyboard; name = Base; path = Base.lproj/LaunchScreen.storyboard; sourceTree = "<group>"; };
		C5A88E971C98587400A890EB /* Info.plist */ = {isa = PBXFileReference; lastKnownFileType = text.plist.xml; path = Info.plist; sourceTree = "<group>"; };
		C5A88E9C1C98587400A890EB /* HealthPadTests.xctest */ = {isa = PBXFileReference; explicitFileType = wrapper.cfbundle; includeInIndex = 0; path = HealthPadTests.xctest; sourceTree = BUILT_PRODUCTS_DIR; };
		C5A88EA01C98587400A890EB /* HealthPadTests.swift */ = {isa = PBXFileReference; lastKnownFileType = sourcecode.swift; path = HealthPadTests.swift; sourceTree = "<group>"; };
		C5A88EA21C98587400A890EB /* Info.plist */ = {isa = PBXFileReference; lastKnownFileType = text.plist.xml; path = Info.plist; sourceTree = "<group>"; };
		C5A88EA71C98587400A890EB /* HealthPadUITests.xctest */ = {isa = PBXFileReference; explicitFileType = wrapper.cfbundle; includeInIndex = 0; path = HealthPadUITests.xctest; sourceTree = BUILT_PRODUCTS_DIR; };
		C5A88EAB1C98587400A890EB /* HealthPadUITests.swift */ = {isa = PBXFileReference; lastKnownFileType = sourcecode.swift; path = HealthPadUITests.swift; sourceTree = "<group>"; };
		C5A88EAD1C98587400A890EB /* Info.plist */ = {isa = PBXFileReference; lastKnownFileType = text.plist.xml; path = Info.plist; sourceTree = "<group>"; };
		C5A88EB91C98593E00A890EB /* HealthKit.framework */ = {isa = PBXFileReference; lastKnownFileType = wrapper.framework; name = HealthKit.framework; path = System/Library/Frameworks/HealthKit.framework; sourceTree = SDKROOT; };
		C5A88EBB1C9859FD00A890EB /* HealthPad.entitlements */ = {isa = PBXFileReference; lastKnownFileType = text.xml; path = HealthPad.entitlements; sourceTree = "<group>"; };
		C5A88EBC1C985A1000A890EB /* CloudKit.framework */ = {isa = PBXFileReference; lastKnownFileType = wrapper.framework; name = CloudKit.framework; path = System/Library/Frameworks/CloudKit.framework; sourceTree = SDKROOT; };
		C5A88EBE1C985D2400A890EB /* MyPlayground.playground */ = {isa = PBXFileReference; lastKnownFileType = file.playground; path = MyPlayground.playground; sourceTree = "<group>"; };
/* End PBXFileReference section */

/* Begin PBXFrameworksBuildPhase section */
		C5A88E851C98587300A890EB /* Frameworks */ = {
			isa = PBXFrameworksBuildPhase;
			buildActionMask = 2147483647;
			files = (
				C5A88EBA1C98593E00A890EB /* HealthKit.framework in Frameworks */,
				C5A88EBD1C985A1000A890EB /* CloudKit.framework in Frameworks */,
			);
			runOnlyForDeploymentPostprocessing = 0;
		};
		C5A88E991C98587400A890EB /* Frameworks */ = {
			isa = PBXFrameworksBuildPhase;
			buildActionMask = 2147483647;
			files = (
			);
			runOnlyForDeploymentPostprocessing = 0;
		};
		C5A88EA41C98587400A890EB /* Frameworks */ = {
			isa = PBXFrameworksBuildPhase;
			buildActionMask = 2147483647;
			files = (
			);
			runOnlyForDeploymentPostprocessing = 0;
		};
/* End PBXFrameworksBuildPhase section */

/* Begin PBXGroup section */
		C5A88E7F1C98587300A890EB = {
			isa = PBXGroup;
			children = (
				C5A88E8A1C98587400A890EB /* HealthPad */,
				C5A88E9F1C98587400A890EB /* HealthPadTests */,
				C5A88EAA1C98587400A890EB /* HealthPadUITests */,
				C5A88E891C98587400A890EB /* Products */,
			);
			sourceTree = "<group>";
		};
		C5A88E891C98587400A890EB /* Products */ = {
			isa = PBXGroup;
			children = (
				C5A88E881C98587400A890EB /* HealthPad.app */,
				C5A88E9C1C98587400A890EB /* HealthPadTests.xctest */,
				C5A88EA71C98587400A890EB /* HealthPadUITests.xctest */,
			);
			name = Products;
			sourceTree = "<group>";
		};
		C5A88E8A1C98587400A890EB /* HealthPad */ = {
			isa = PBXGroup;
			children = (
				C5A88EBB1C9859FD00A890EB /* HealthPad.entitlements */,
				C5A88E8B1C98587400A890EB /* AppDelegate.swift */,
				C5A88E8D1C98587400A890EB /* ViewController.swift */,
				C5A88EBE1C985D2400A890EB /* MyPlayground.playground */,
				C5A88E8F1C98587400A890EB /* Main.storyboard */,
				C5A88E921C98587400A890EB /* Assets.xcassets */,
				C5A88E941C98587400A890EB /* LaunchScreen.storyboard */,
				C5A88E971C98587400A890EB /* Info.plist */,
				C5A88EBC1C985A1000A890EB /* CloudKit.framework */,
				C5A88EB91C98593E00A890EB /* HealthKit.framework */,
			);
			path = HealthPad;
			sourceTree = "<group>";
		};
		C5A88E9F1C98587400A890EB /* HealthPadTests */ = {
			isa = PBXGroup;
			children = (
				C5A88EA01C98587400A890EB /* HealthPadTests.swift */,
				C5A88EA21C98587400A890EB /* Info.plist */,
			);
			path = HealthPadTests;
			sourceTree = "<group>";
		};
		C5A88EAA1C98587400A890EB /* HealthPadUITests */ = {
			isa = PBXGroup;
			children = (
				C5A88EAB1C98587400A890EB /* HealthPadUITests.swift */,
				C5A88EAD1C98587400A890EB /* Info.plist */,
			);
			path = HealthPadUITests;
			sourceTree = "<group>";
		};
/* End PBXGroup section */

/* Begin PBXNativeTarget section */
		C5A88E871C98587300A890EB /* HealthPad */ = {
			isa = PBXNativeTarget;
			buildConfigurationList = C5A88EB01C98587400A890EB /* Build configuration list for PBXNativeTarget "HealthPad" */;
			buildPhases = (
				C5A88E841C98587300A890EB /* Sources */,
				C5A88E851C98587300A890EB /* Frameworks */,
				C5A88E861C98587300A890EB /* Resources */,
			);
			buildRules = (
			);
			dependencies = (
			);
			name = HealthPad;
			productName = HealthPad;
			productReference = C5A88E881C98587400A890EB /* HealthPad.app */;
			productType = "com.apple.product-type.application";
		};
		C5A88E9B1C98587400A890EB /* HealthPadTests */ = {
			isa = PBXNativeTarget;
			buildConfigurationList = C5A88EB31C98587400A890EB /* Build configuration list for PBXNativeTarget "HealthPadTests" */;
			buildPhases = (
				C5A88E981C98587400A890EB /* Sources */,
				C5A88E991C98587400A890EB /* Frameworks */,
				C5A88E9A1C98587400A890EB /* Resources */,
			);
			buildRules = (
			);
			dependencies = (
				C5A88E9E1C98587400A890EB /* PBXTargetDependency */,
			);
			name = HealthPadTests;
			productName = HealthPadTests;
			productReference = C5A88E9C1C98587400A890EB /* HealthPadTests.xctest */;
			productType = "com.apple.product-type.bundle.unit-test";
		};
		C5A88EA61C98587400A890EB /* HealthPadUITests */ = {
			isa = PBXNativeTarget;
			buildConfigurationList = C5A88EB61C98587400A890EB /* Build configuration list for PBXNativeTarget "HealthPadUITests" */;
			buildPhases = (
				C5A88EA31C98587400A890EB /* Sources */,
				C5A88EA41C98587400A890EB /* Frameworks */,
				C5A88EA51C98587400A890EB /* Resources */,
			);
			buildRules = (
			);
			dependencies = (
				C5A88EA91C98587400A890EB /* PBXTargetDependency */,
			);
			name = HealthPadUITests;
			productName = HealthPadUITests;
			productReference = C5A88EA71C98587400A890EB /* HealthPadUITests.xctest */;
			productType = "com.apple.product-type.bundle.ui-testing";
		};
/* End PBXNativeTarget section */

/* Begin PBXProject section */
		C5A88E801C98587300A890EB /* Project object */ = {
			isa = PBXProject;
			attributes = {
				LastSwiftUpdateCheck = 0720;
				LastUpgradeCheck = 0720;
				ORGANIZATIONNAME = "Finn Gaida";
				TargetAttributes = {
					C5A88E871C98587300A890EB = {
						CreatedOnToolsVersion = 7.2.1;
						DevelopmentTeam = PTHJ3DNH6P;
						SystemCapabilities = {
							com.apple.HealthKit = {
								enabled = 1;
							};
							com.apple.iCloud = {
								enabled = 1;
							};
						};
					};
					C5A88E9B1C98587400A890EB = {
						CreatedOnToolsVersion = 7.2.1;
						TestTargetID = C5A88E871C98587300A890EB;
					};
					C5A88EA61C98587400A890EB = {
						CreatedOnToolsVersion = 7.2.1;
						TestTargetID = C5A88E871C98587300A890EB;
					};
				};
			};
			buildConfigurationList = C5A88E831C98587300A890EB /* Build configuration list for PBXProject "HealthPad" */;
			compatibilityVersion = "Xcode 3.2";
			developmentRegion = English;
			hasScannedForEncodings = 0;
			knownRegions = (
				en,
				Base,
			);
			mainGroup = C5A88E7F1C98587300A890EB;
			productRefGroup = C5A88E891C98587400A890EB /* Products */;
			projectDirPath = "";
			projectRoot = "";
			targets = (
				C5A88E871C98587300A890EB /* HealthPad */,
				C5A88E9B1C98587400A890EB /* HealthPadTests */,
				C5A88EA61C98587400A890EB /* HealthPadUITests */,
			);
		};
/* End PBXProject section */

/* Begin PBXResourcesBuildPhase section */
		C5A88E861C98587300A890EB /* Resources */ = {
			isa = PBXResourcesBuildPhase;
			buildActionMask = 2147483647;
			files = (
				C5A88E961C98587400A890EB /* LaunchScreen.storyboard in Resources */,
				C5A88E931C98587400A890EB /* Assets.xcassets in Resources */,
				C5A88E911C98587400A890EB /* Main.storyboard in Resources */,
			);
			runOnlyForDeploymentPostprocessing = 0;
		};
		C5A88E9A1C98587400A890EB /* Resources */ = {
			isa = PBXResourcesBuildPhase;
			buildActionMask = 2147483647;
			files = (
			);
			runOnlyForDeploymentPostprocessing = 0;
		};
		C5A88EA51C98587400A890EB /* Resources */ = {
			isa = PBXResourcesBuildPhase;
			buildActionMask = 2147483647;
			files = (
			);
			runOnlyForDeploymentPostprocessing = 0;
		};
/* End PBXResourcesBuildPhase section */

/* Begin PBXSourcesBuildPhase section */
		C5A88E841C98587300A890EB /* Sources */ = {
			isa = PBXSourcesBuildPhase;
			buildActionMask = 2147483647;
			files = (
				C5A88E8E1C98587400A890EB /* ViewController.swift in Sources */,
				C5A88E8C1C98587400A890EB /* AppDelegate.swift in Sources */,
			);
			runOnlyForDeploymentPostprocessing = 0;
		};
		C5A88E981C98587400A890EB /* Sources */ = {
			isa = PBXSourcesBuildPhase;
			buildActionMask = 2147483647;
			files = (
				C5A88EA11C98587400A890EB /* HealthPadTests.swift in Sources */,
			);
			runOnlyForDeploymentPostprocessing = 0;
		};
		C5A88EA31C98587400A890EB /* Sources */ = {
			isa = PBXSourcesBuildPhase;
			buildActionMask = 2147483647;
			files = (
				C5A88EAC1C98587400A890EB /* HealthPadUITests.swift in Sources */,
			);
			runOnlyForDeploymentPostprocessing = 0;
		};
/* End PBXSourcesBuildPhase section */

/* Begin PBXTargetDependency section */
		C5A88E9E1C98587400A890EB /* PBXTargetDependency */ = {
			isa = PBXTargetDependency;
			target = C5A88E871C98587300A890EB /* HealthPad */;
			targetProxy = C5A88E9D1C98587400A890EB /* PBXContainerItemProxy */;
		};
		C5A88EA91C98587400A890EB /* PBXTargetDependency */ = {
			isa = PBXTargetDependency;
			target = C5A88E871C98587300A890EB /* HealthPad */;
			targetProxy = C5A88EA81C98587400A890EB /* PBXContainerItemProxy */;
		};
/* End PBXTargetDependency section */

/* Begin PBXVariantGroup section */
		C5A88E8F1C98587400A890EB /* Main.storyboard */ = {
			isa = PBXVariantGroup;
			children = (
				C5A88E901C98587400A890EB /* Base */,
			);
			name = Main.storyboard;
			sourceTree = "<group>";
		};
		C5A88E941C98587400A890EB /* LaunchScreen.storyboard */ = {
			isa = PBXVariantGroup;
			children = (
				C5A88E951C98587400A890EB /* Base */,
			);
			name = LaunchScreen.storyboard;
			sourceTree = "<group>";
		};
/* End PBXVariantGroup section */

/* Begin XCBuildConfiguration section */
		C5A88EAE1C98587400A890EB /* Debug */ = {
			isa = XCBuildConfiguration;
			buildSettings = {
				ALWAYS_SEARCH_USER_PATHS = NO;
				CLANG_CXX_LANGUAGE_STANDARD = "gnu++0x";
				CLANG_CXX_LIBRARY = "libc++";
				CLANG_ENABLE_MODULES = YES;
				CLANG_ENABLE_OBJC_ARC = YES;
				CLANG_WARN_BOOL_CONVERSION = YES;
				CLANG_WARN_CONSTANT_CONVERSION = YES;
				CLANG_WARN_DIRECT_OBJC_ISA_USAGE = YES_ERROR;
				CLANG_WARN_EMPTY_BODY = YES;
				CLANG_WARN_ENUM_CONVERSION = YES;
				CLANG_WARN_INT_CONVERSION = YES;
				CLANG_WARN_OBJC_ROOT_CLASS = YES_ERROR;
				CLANG_WARN_UNREACHABLE_CODE = YES;
				CLANG_WARN__DUPLICATE_METHOD_MATCH = YES;
				"CODE_SIGN_IDENTITY[sdk=iphoneos*]" = "iPhone Developer";
				COPY_PHASE_STRIP = NO;
				DEBUG_INFORMATION_FORMAT = dwarf;
				ENABLE_STRICT_OBJC_MSGSEND = YES;
				ENABLE_TESTABILITY = YES;
				GCC_C_LANGUAGE_STANDARD = gnu99;
				GCC_DYNAMIC_NO_PIC = NO;
				GCC_NO_COMMON_BLOCKS = YES;
				GCC_OPTIMIZATION_LEVEL = 0;
				GCC_PREPROCESSOR_DEFINITIONS = (
					"DEBUG=1",
					"$(inherited)",
				);
				GCC_WARN_64_TO_32_BIT_CONVERSION = YES;
				GCC_WARN_ABOUT_RETURN_TYPE = YES_ERROR;
				GCC_WARN_UNDECLARED_SELECTOR = YES;
				GCC_WARN_UNINITIALIZED_AUTOS = YES_AGGRESSIVE;
				GCC_WARN_UNUSED_FUNCTION = YES;
				GCC_WARN_UNUSED_VARIABLE = YES;
				IPHONEOS_DEPLOYMENT_TARGET = 9.0;
				MTL_ENABLE_DEBUG_INFO = YES;
				ONLY_ACTIVE_ARCH = YES;
				SDKROOT = iphoneos;
				SWIFT_OPTIMIZATION_LEVEL = "-Onone";
				TARGETED_DEVICE_FAMILY = "1,2";
			};
			name = Debug;
		};
		C5A88EAF1C98587400A890EB /* Release */ = {
			isa = XCBuildConfiguration;
			buildSettings = {
				ALWAYS_SEARCH_USER_PATHS = NO;
				CLANG_CXX_LANGUAGE_STANDARD = "gnu++0x";
				CLANG_CXX_LIBRARY = "libc++";
				CLANG_ENABLE_MODULES = YES;
				CLANG_ENABLE_OBJC_ARC = YES;
				CLANG_WARN_BOOL_CONVERSION = YES;
				CLANG_WARN_CONSTANT_CONVERSION = YES;
				CLANG_WARN_DIRECT_OBJC_ISA_USAGE = YES_ERROR;
				CLANG_WARN_EMPTY_BODY = YES;
				CLANG_WARN_ENUM_CONVERSION = YES;
				CLANG_WARN_INT_CONVERSION = YES;
				CLANG_WARN_OBJC_ROOT_CLASS = YES_ERROR;
				CLANG_WARN_UNREACHABLE_CODE = YES;
				CLANG_WARN__DUPLICATE_METHOD_MATCH = YES;
				"CODE_SIGN_IDENTITY[sdk=iphoneos*]" = "iPhone Developer";
				COPY_PHASE_STRIP = NO;
				DEBUG_INFORMATION_FORMAT = "dwarf-with-dsym";
				ENABLE_NS_ASSERTIONS = NO;
				ENABLE_STRICT_OBJC_MSGSEND = YES;
				GCC_C_LANGUAGE_STANDARD = gnu99;
				GCC_NO_COMMON_BLOCKS = YES;
				GCC_WARN_64_TO_32_BIT_CONVERSION = YES;
				GCC_WARN_ABOUT_RETURN_TYPE = YES_ERROR;
				GCC_WARN_UNDECLARED_SELECTOR = YES;
				GCC_WARN_UNINITIALIZED_AUTOS = YES_AGGRESSIVE;
				GCC_WARN_UNUSED_FUNCTION = YES;
				GCC_WARN_UNUSED_VARIABLE = YES;
				IPHONEOS_DEPLOYMENT_TARGET = 9.0;
				MTL_ENABLE_DEBUG_INFO = NO;
				SDKROOT = iphoneos;
				TARGETED_DEVICE_FAMILY = "1,2";
				VALIDATE_PRODUCT = YES;
			};
			name = Release;
		};
		C5A88EB11C98587400A890EB /* Debug */ = {
			isa = XCBuildConfiguration;
			buildSettings = {
				ASSETCATALOG_COMPILER_APPICON_NAME = AppIcon;
				CODE_SIGN_ENTITLEMENTS = HealthPad/HealthPad.entitlements;
				CODE_SIGN_IDENTITY = "iPhone Developer";
				"CODE_SIGN_IDENTITY[sdk=iphoneos*]" = "iPhone Developer";
				INFOPLIST_FILE = HealthPad/Info.plist;
				LD_RUNPATH_SEARCH_PATHS = "$(inherited) @executable_path/Frameworks";
				PRODUCT_BUNDLE_IDENTIFIER = de.finngaida.HealthPad;
				PRODUCT_NAME = "$(TARGET_NAME)";
				PROVISIONING_PROFILE = "";
			};
			name = Debug;
		};
		C5A88EB21C98587400A890EB /* Release */ = {
			isa = XCBuildConfiguration;
			buildSettings = {
				ASSETCATALOG_COMPILER_APPICON_NAME = AppIcon;
				CODE_SIGN_ENTITLEMENTS = HealthPad/HealthPad.entitlements;
				CODE_SIGN_IDENTITY = "iPhone Developer";
				"CODE_SIGN_IDENTITY[sdk=iphoneos*]" = "iPhone Developer";
				INFOPLIST_FILE = HealthPad/Info.plist;
				LD_RUNPATH_SEARCH_PATHS = "$(inherited) @executable_path/Frameworks";
				PRODUCT_BUNDLE_IDENTIFIER = de.finngaida.HealthPad;
				PRODUCT_NAME = "$(TARGET_NAME)";
				PROVISIONING_PROFILE = "";
			};
			name = Release;
		};
		C5A88EB41C98587400A890EB /* Debug */ = {
			isa = XCBuildConfiguration;
			buildSettings = {
				BUNDLE_LOADER = "$(TEST_HOST)";
				INFOPLIST_FILE = HealthPadTests/Info.plist;
				LD_RUNPATH_SEARCH_PATHS = "$(inherited) @executable_path/Frameworks @loader_path/Frameworks";
				PRODUCT_BUNDLE_IDENTIFIER = de.finngaida.HealthPadTests;
				PRODUCT_NAME = "$(TARGET_NAME)";
				TEST_HOST = "$(BUILT_PRODUCTS_DIR)/HealthPad.app/HealthPad";
			};
			name = Debug;
		};
		C5A88EB51C98587400A890EB /* Release */ = {
			isa = XCBuildConfiguration;
			buildSettings = {
				BUNDLE_LOADER = "$(TEST_HOST)";
				INFOPLIST_FILE = HealthPadTests/Info.plist;
				LD_RUNPATH_SEARCH_PATHS = "$(inherited) @executable_path/Frameworks @loader_path/Frameworks";
				PRODUCT_BUNDLE_IDENTIFIER = de.finngaida.HealthPadTests;
				PRODUCT_NAME = "$(TARGET_NAME)";
				TEST_HOST = "$(BUILT_PRODUCTS_DIR)/HealthPad.app/HealthPad";
			};
			name = Release;
		};
		C5A88EB71C98587400A890EB /* Debug */ = {
			isa = XCBuildConfiguration;
			buildSettings = {
				INFOPLIST_FILE = HealthPadUITests/Info.plist;
				LD_RUNPATH_SEARCH_PATHS = "$(inherited) @executable_path/Frameworks @loader_path/Frameworks";
				PRODUCT_BUNDLE_IDENTIFIER = de.finngaida.HealthPadUITests;
				PRODUCT_NAME = "$(TARGET_NAME)";
				TEST_TARGET_NAME = HealthPad;
				USES_XCTRUNNER = YES;
			};
			name = Debug;
		};
		C5A88EB81C98587400A890EB /* Release */ = {
			isa = XCBuildConfiguration;
			buildSettings = {
				INFOPLIST_FILE = HealthPadUITests/Info.plist;
				LD_RUNPATH_SEARCH_PATHS = "$(inherited) @executable_path/Frameworks @loader_path/Frameworks";
				PRODUCT_BUNDLE_IDENTIFIER = de.finngaida.HealthPadUITests;
				PRODUCT_NAME = "$(TARGET_NAME)";
				TEST_TARGET_NAME = HealthPad;
				USES_XCTRUNNER = YES;
			};
			name = Release;
		};
/* End XCBuildConfiguration section */

/* Begin XCConfigurationList section */
		C5A88E831C98587300A890EB /* Build configuration list for PBXProject "HealthPad" */ = {
			isa = XCConfigurationList;
			buildConfigurations = (
				C5A88EAE1C98587400A890EB /* Debug */,
				C5A88EAF1C98587400A890EB /* Release */,
			);
			defaultConfigurationIsVisible = 0;
			defaultConfigurationName = Release;
		};
		C5A88EB01C98587400A890EB /* Build configuration list for PBXNativeTarget "HealthPad" */ = {
			isa = XCConfigurationList;
			buildConfigurations = (
				C5A88EB11C98587400A890EB /* Debug */,
				C5A88EB21C98587400A890EB /* Release */,
			);
			defaultConfigurationIsVisible = 0;
		};
		C5A88EB31C98587400A890EB /* Build configuration list for PBXNativeTarget "HealthPadTests" */ = {
			isa = XCConfigurationList;
			buildConfigurations = (
				C5A88EB41C98587400A890EB /* Debug */,
				C5A88EB51C98587400A890EB /* Release */,
			);
			defaultConfigurationIsVisible = 0;
		};
		C5A88EB61C98587400A890EB /* Build configuration list for PBXNativeTarget "HealthPadUITests" */ = {
			isa = XCConfigurationList;
			buildConfigurations = (
				C5A88EB71C98587400A890EB /* Debug */,
				C5A88EB81C98587400A890EB /* Release */,
			);
			defaultConfigurationIsVisible = 0;
		};
/* End XCConfigurationList section */
	};
	rootObject = C5A88E801C98587300A890EB /* Project object */;
}
