PODS:
  - ActionKit (1.0)
  - AsyncSwift (1.7.2)
  - SwiftString (0.5)
  - SwitchLoader (0.0.1)

DEPENDENCIES:
  - ActionKit
  - AsyncSwift
  - SwiftString
  - SwitchLoader

SPEC CHECKSUMS:
  ActionKit: 6c45e3d92252dd34b18e7c3d8e9f811ee52558b1
  AsyncSwift: 46a78bceb11f0e5bb52747f740d9692ec78d2d7c
  SwiftString: ec9c31c55b2aa147a1154f5f5f8483dc71e3165f
  SwitchLoader: 6c4bbe4b5096206559306553098d1e0f01c8a166

PODFILE CHECKSUM: 7dc00ac970e708f702dd34f0366eb9e79c6af4e2

COCOAPODS: 1.0.0.beta.3
